
Microsoft Visual Studio Solution File, Format Version 12.00
# Visual Studio 15
VisualStudioVersion = 15.0.26124.0
MinimumVisualStudioVersion = 15.0.26124.0
Project("{2150E333-8FDC-42A3-9474-1A3956D46DE8}") = "src", "src", "{683B8B19-319D-49D9-A70A-04461373D2A1}"
EndProject
Project("{FAE04EC0-301F-11D3-BF4B-00C04F79EFBC}") = "Domain", "src\Domain\Domain.csproj", "{A36FBDE4-9CD3-4D8D-9523-6ADF7FF6D43A}"
EndProject
Project("{FAE04EC0-301F-11D3-BF4B-00C04F79EFBC}") = "Persistence", "src\Persistence\Persistence.csproj", "{5E7F7430-BF2D-4EBB-9D75-D432FA57ADE4}"
EndProject
Project("{FAE04EC0-301F-11D3-BF4B-00C04F79EFBC}") = "Application", "src\Application\Application.csproj", "{C3499B9C-16EB-499B-B535-6E5593AAF16E}"
EndProject
Project("{FAE04EC0-301F-11D3-BF4B-00C04F79EFBC}") = "WebUI", "src\WebUI\WebUI.csproj", "{BDD46234-8972-4968-880C-BDCD4E44B795}"
EndProject
Project("{2150E333-8FDC-42A3-9474-1A3956D46DE8}") = "tests", "tests", "{5E1DB1A2-1D57-4F1F-BEE7-67B7666C3097}"
EndProject
Project("{FAE04EC0-301F-11D3-BF4B-00C04F79EFBC}") = "Domain.UnitTest", "tests\Domain.UnitTest\Domain.UnitTest.csproj", "{2A159DF5-B435-4A1D-A6F1-43C0E7497451}"
EndProject
Project("{FAE04EC0-301F-11D3-BF4B-00C04F79EFBC}") = "Infrastructure", "src\Infrastructure\Infrastructure.csproj", "{431FA6F5-0BFC-408D-9DAC-D4A0FE3EF925}"
EndProject
Project("{FAE04EC0-301F-11D3-BF4B-00C04F79EFBC}") = "Application.UnitTest", "tests\Application.UnitTest\Application.UnitTest.csproj", "{8D73B801-6472-42D5-A5DE-1A64E11E88E3}"
EndProject
Project("{FAE04EC0-301F-11D3-BF4B-00C04F79EFBC}") = "Persistence.IntegrationTest", "tests\Persistence.IntegrationTest\Persistence.IntegrationTest.csproj", "{C54724EB-A0E9-4336-B633-53B03C62F608}"
EndProject
Project("{FAE04EC0-301F-11D3-BF4B-00C04F79EFBC}") = "WebUI.IntegrationTest", "tests\WebUI.IntegrationTest\WebUI.IntegrationTest.csproj", "{7B27EABB-661B-4753-87E6-8FBC1AF6D8E3}"
EndProject
Global
	GlobalSection(SolutionConfigurationPlatforms) = preSolution
		Debug|Any CPU = Debug|Any CPU
		Debug|x64 = Debug|x64
		Debug|x86 = Debug|x86
		Release|Any CPU = Release|Any CPU
		Release|x64 = Release|x64
		Release|x86 = Release|x86
	EndGlobalSection
	GlobalSection(SolutionProperties) = preSolution
		HideSolutionNode = FALSE
	EndGlobalSection
	GlobalSection(ProjectConfigurationPlatforms) = postSolution
		{A36FBDE4-9CD3-4D8D-9523-6ADF7FF6D43A}.Debug|Any CPU.ActiveCfg = Debug|Any CPU
		{A36FBDE4-9CD3-4D8D-9523-6ADF7FF6D43A}.Debug|Any CPU.Build.0 = Debug|Any CPU
		{A36FBDE4-9CD3-4D8D-9523-6ADF7FF6D43A}.Debug|x64.ActiveCfg = Debug|Any CPU
		{A36FBDE4-9CD3-4D8D-9523-6ADF7FF6D43A}.Debug|x64.Build.0 = Debug|Any CPU
		{A36FBDE4-9CD3-4D8D-9523-6ADF7FF6D43A}.Debug|x86.ActiveCfg = Debug|Any CPU
		{A36FBDE4-9CD3-4D8D-9523-6ADF7FF6D43A}.Debug|x86.Build.0 = Debug|Any CPU
		{A36FBDE4-9CD3-4D8D-9523-6ADF7FF6D43A}.Release|Any CPU.ActiveCfg = Release|Any CPU
		{A36FBDE4-9CD3-4D8D-9523-6ADF7FF6D43A}.Release|Any CPU.Build.0 = Release|Any CPU
		{A36FBDE4-9CD3-4D8D-9523-6ADF7FF6D43A}.Release|x64.ActiveCfg = Release|Any CPU
		{A36FBDE4-9CD3-4D8D-9523-6ADF7FF6D43A}.Release|x64.Build.0 = Release|Any CPU
		{A36FBDE4-9CD3-4D8D-9523-6ADF7FF6D43A}.Release|x86.ActiveCfg = Release|Any CPU
		{A36FBDE4-9CD3-4D8D-9523-6ADF7FF6D43A}.Release|x86.Build.0 = Release|Any CPU
		{5E7F7430-BF2D-4EBB-9D75-D432FA57ADE4}.Debug|Any CPU.ActiveCfg = Debug|Any CPU
		{5E7F7430-BF2D-4EBB-9D75-D432FA57ADE4}.Debug|Any CPU.Build.0 = Debug|Any CPU
		{5E7F7430-BF2D-4EBB-9D75-D432FA57ADE4}.Debug|x64.ActiveCfg = Debug|Any CPU
		{5E7F7430-BF2D-4EBB-9D75-D432FA57ADE4}.Debug|x64.Build.0 = Debug|Any CPU
		{5E7F7430-BF2D-4EBB-9D75-D432FA57ADE4}.Debug|x86.ActiveCfg = Debug|Any CPU
		{5E7F7430-BF2D-4EBB-9D75-D432FA57ADE4}.Debug|x86.Build.0 = Debug|Any CPU
		{5E7F7430-BF2D-4EBB-9D75-D432FA57ADE4}.Release|Any CPU.ActiveCfg = Release|Any CPU
		{5E7F7430-BF2D-4EBB-9D75-D432FA57ADE4}.Release|Any CPU.Build.0 = Release|Any CPU
		{5E7F7430-BF2D-4EBB-9D75-D432FA57ADE4}.Release|x64.ActiveCfg = Release|Any CPU
		{5E7F7430-BF2D-4EBB-9D75-D432FA57ADE4}.Release|x64.Build.0 = Release|Any CPU
		{5E7F7430-BF2D-4EBB-9D75-D432FA57ADE4}.Release|x86.ActiveCfg = Release|Any CPU
		{5E7F7430-BF2D-4EBB-9D75-D432FA57ADE4}.Release|x86.Build.0 = Release|Any CPU
		{C3499B9C-16EB-499B-B535-6E5593AAF16E}.Debug|Any CPU.ActiveCfg = Debug|Any CPU
		{C3499B9C-16EB-499B-B535-6E5593AAF16E}.Debug|Any CPU.Build.0 = Debug|Any CPU
		{C3499B9C-16EB-499B-B535-6E5593AAF16E}.Debug|x64.ActiveCfg = Debug|Any CPU
		{C3499B9C-16EB-499B-B535-6E5593AAF16E}.Debug|x64.Build.0 = Debug|Any CPU
		{C3499B9C-16EB-499B-B535-6E5593AAF16E}.Debug|x86.ActiveCfg = Debug|Any CPU
		{C3499B9C-16EB-499B-B535-6E5593AAF16E}.Debug|x86.Build.0 = Debug|Any CPU
		{C3499B9C-16EB-499B-B535-6E5593AAF16E}.Release|Any CPU.ActiveCfg = Release|Any CPU
		{C3499B9C-16EB-499B-B535-6E5593AAF16E}.Release|Any CPU.Build.0 = Release|Any CPU
		{C3499B9C-16EB-499B-B535-6E5593AAF16E}.Release|x64.ActiveCfg = Release|Any CPU
		{C3499B9C-16EB-499B-B535-6E5593AAF16E}.Release|x64.Build.0 = Release|Any CPU
		{C3499B9C-16EB-499B-B535-6E5593AAF16E}.Release|x86.ActiveCfg = Release|Any CPU
		{C3499B9C-16EB-499B-B535-6E5593AAF16E}.Release|x86.Build.0 = Release|Any CPU
		{BDD46234-8972-4968-880C-BDCD4E44B795}.Debug|Any CPU.ActiveCfg = Debug|Any CPU
		{BDD46234-8972-4968-880C-BDCD4E44B795}.Debug|Any CPU.Build.0 = Debug|Any CPU
		{BDD46234-8972-4968-880C-BDCD4E44B795}.Debug|x64.ActiveCfg = Debug|Any CPU
		{BDD46234-8972-4968-880C-BDCD4E44B795}.Debug|x64.Build.0 = Debug|Any CPU
		{BDD46234-8972-4968-880C-BDCD4E44B795}.Debug|x86.ActiveCfg = Debug|Any CPU
		{BDD46234-8972-4968-880C-BDCD4E44B795}.Debug|x86.Build.0 = Debug|Any CPU
		{BDD46234-8972-4968-880C-BDCD4E44B795}.Release|Any CPU.ActiveCfg = Release|Any CPU
		{BDD46234-8972-4968-880C-BDCD4E44B795}.Release|Any CPU.Build.0 = Release|Any CPU
		{BDD46234-8972-4968-880C-BDCD4E44B795}.Release|x64.ActiveCfg = Release|Any CPU
		{BDD46234-8972-4968-880C-BDCD4E44B795}.Release|x64.Build.0 = Release|Any CPU
		{BDD46234-8972-4968-880C-BDCD4E44B795}.Release|x86.ActiveCfg = Release|Any CPU
		{BDD46234-8972-4968-880C-BDCD4E44B795}.Release|x86.Build.0 = Release|Any CPU
		{2A159DF5-B435-4A1D-A6F1-43C0E7497451}.Debug|Any CPU.ActiveCfg = Debug|Any CPU
		{2A159DF5-B435-4A1D-A6F1-43C0E7497451}.Debug|Any CPU.Build.0 = Debug|Any CPU
		{2A159DF5-B435-4A1D-A6F1-43C0E7497451}.Debug|x64.ActiveCfg = Debug|Any CPU
		{2A159DF5-B435-4A1D-A6F1-43C0E7497451}.Debug|x64.Build.0 = Debug|Any CPU
		{2A159DF5-B435-4A1D-A6F1-43C0E7497451}.Debug|x86.ActiveCfg = Debug|Any CPU
		{2A159DF5-B435-4A1D-A6F1-43C0E7497451}.Debug|x86.Build.0 = Debug|Any CPU
		{2A159DF5-B435-4A1D-A6F1-43C0E7497451}.Release|Any CPU.ActiveCfg = Release|Any CPU
		{2A159DF5-B435-4A1D-A6F1-43C0E7497451}.Release|Any CPU.Build.0 = Release|Any CPU
		{2A159DF5-B435-4A1D-A6F1-43C0E7497451}.Release|x64.ActiveCfg = Release|Any CPU
		{2A159DF5-B435-4A1D-A6F1-43C0E7497451}.Release|x64.Build.0 = Release|Any CPU
		{2A159DF5-B435-4A1D-A6F1-43C0E7497451}.Release|x86.ActiveCfg = Release|Any CPU
		{2A159DF5-B435-4A1D-A6F1-43C0E7497451}.Release|x86.Build.0 = Release|Any CPU
		{431FA6F5-0BFC-408D-9DAC-D4A0FE3EF925}.Debug|Any CPU.ActiveCfg = Debug|Any CPU
		{431FA6F5-0BFC-408D-9DAC-D4A0FE3EF925}.Debug|Any CPU.Build.0 = Debug|Any CPU
		{431FA6F5-0BFC-408D-9DAC-D4A0FE3EF925}.Debug|x64.ActiveCfg = Debug|Any CPU
		{431FA6F5-0BFC-408D-9DAC-D4A0FE3EF925}.Debug|x64.Build.0 = Debug|Any CPU
		{431FA6F5-0BFC-408D-9DAC-D4A0FE3EF925}.Debug|x86.ActiveCfg = Debug|Any CPU
		{431FA6F5-0BFC-408D-9DAC-D4A0FE3EF925}.Debug|x86.Build.0 = Debug|Any CPU
		{431FA6F5-0BFC-408D-9DAC-D4A0FE3EF925}.Release|Any CPU.ActiveCfg = Release|Any CPU
		{431FA6F5-0BFC-408D-9DAC-D4A0FE3EF925}.Release|Any CPU.Build.0 = Release|Any CPU
		{431FA6F5-0BFC-408D-9DAC-D4A0FE3EF925}.Release|x64.ActiveCfg = Release|Any CPU
		{431FA6F5-0BFC-408D-9DAC-D4A0FE3EF925}.Release|x64.Build.0 = Release|Any CPU
		{431FA6F5-0BFC-408D-9DAC-D4A0FE3EF925}.Release|x86.ActiveCfg = Release|Any CPU
		{431FA6F5-0BFC-408D-9DAC-D4A0FE3EF925}.Release|x86.Build.0 = Release|Any CPU
		{8D73B801-6472-42D5-A5DE-1A64E11E88E3}.Debug|Any CPU.ActiveCfg = Debug|Any CPU
		{8D73B801-6472-42D5-A5DE-1A64E11E88E3}.Debug|Any CPU.Build.0 = Debug|Any CPU
		{8D73B801-6472-42D5-A5DE-1A64E11E88E3}.Debug|x64.ActiveCfg = Debug|Any CPU
		{8D73B801-6472-42D5-A5DE-1A64E11E88E3}.Debug|x64.Build.0 = Debug|Any CPU
		{8D73B801-6472-42D5-A5DE-1A64E11E88E3}.Debug|x86.ActiveCfg = Debug|Any CPU
		{8D73B801-6472-42D5-A5DE-1A64E11E88E3}.Debug|x86.Build.0 = Debug|Any CPU
		{8D73B801-6472-42D5-A5DE-1A64E11E88E3}.Release|Any CPU.ActiveCfg = Release|Any CPU
		{8D73B801-6472-42D5-A5DE-1A64E11E88E3}.Release|Any CPU.Build.0 = Release|Any CPU
		{8D73B801-6472-42D5-A5DE-1A64E11E88E3}.Release|x64.ActiveCfg = Release|Any CPU
		{8D73B801-6472-42D5-A5DE-1A64E11E88E3}.Release|x64.Build.0 = Release|Any CPU
		{8D73B801-6472-42D5-A5DE-1A64E11E88E3}.Release|x86.ActiveCfg = Release|Any CPU
		{8D73B801-6472-42D5-A5DE-1A64E11E88E3}.Release|x86.Build.0 = Release|Any CPU
		{C54724EB-A0E9-4336-B633-53B03C62F608}.Debug|Any CPU.ActiveCfg = Debug|Any CPU
		{C54724EB-A0E9-4336-B633-53B03C62F608}.Debug|Any CPU.Build.0 = Debug|Any CPU
		{C54724EB-A0E9-4336-B633-53B03C62F608}.Debug|x64.ActiveCfg = Debug|Any CPU
		{C54724EB-A0E9-4336-B633-53B03C62F608}.Debug|x64.Build.0 = Debug|Any CPU
		{C54724EB-A0E9-4336-B633-53B03C62F608}.Debug|x86.ActiveCfg = Debug|Any CPU
		{C54724EB-A0E9-4336-B633-53B03C62F608}.Debug|x86.Build.0 = Debug|Any CPU
		{C54724EB-A0E9-4336-B633-53B03C62F608}.Release|Any CPU.ActiveCfg = Release|Any CPU
		{C54724EB-A0E9-4336-B633-53B03C62F608}.Release|Any CPU.Build.0 = Release|Any CPU
		{C54724EB-A0E9-4336-B633-53B03C62F608}.Release|x64.ActiveCfg = Release|Any CPU
		{C54724EB-A0E9-4336-B633-53B03C62F608}.Release|x64.Build.0 = Release|Any CPU
		{C54724EB-A0E9-4336-B633-53B03C62F608}.Release|x86.ActiveCfg = Release|Any CPU
		{C54724EB-A0E9-4336-B633-53B03C62F608}.Release|x86.Build.0 = Release|Any CPU
		{7B27EABB-661B-4753-87E6-8FBC1AF6D8E3}.Debug|Any CPU.ActiveCfg = Debug|Any CPU
		{7B27EABB-661B-4753-87E6-8FBC1AF6D8E3}.Debug|Any CPU.Build.0 = Debug|Any CPU
		{7B27EABB-661B-4753-87E6-8FBC1AF6D8E3}.Debug|x64.ActiveCfg = Debug|Any CPU
		{7B27EABB-661B-4753-87E6-8FBC1AF6D8E3}.Debug|x64.Build.0 = Debug|Any CPU
		{7B27EABB-661B-4753-87E6-8FBC1AF6D8E3}.Debug|x86.ActiveCfg = Debug|Any CPU
		{7B27EABB-661B-4753-87E6-8FBC1AF6D8E3}.Debug|x86.Build.0 = Debug|Any CPU
		{7B27EABB-661B-4753-87E6-8FBC1AF6D8E3}.Release|Any CPU.ActiveCfg = Release|Any CPU
		{7B27EABB-661B-4753-87E6-8FBC1AF6D8E3}.Release|Any CPU.Build.0 = Release|Any CPU
		{7B27EABB-661B-4753-87E6-8FBC1AF6D8E3}.Release|x64.ActiveCfg = Release|Any CPU
		{7B27EABB-661B-4753-87E6-8FBC1AF6D8E3}.Release|x64.Build.0 = Release|Any CPU
		{7B27EABB-661B-4753-87E6-8FBC1AF6D8E3}.Release|x86.ActiveCfg = Release|Any CPU
		{7B27EABB-661B-4753-87E6-8FBC1AF6D8E3}.Release|x86.Build.0 = Release|Any CPU
	EndGlobalSection
	GlobalSection(NestedProjects) = preSolution
		{A36FBDE4-9CD3-4D8D-9523-6ADF7FF6D43A} = {683B8B19-319D-49D9-A70A-04461373D2A1}
		{5E7F7430-BF2D-4EBB-9D75-D432FA57ADE4} = {683B8B19-319D-49D9-A70A-04461373D2A1}
		{C3499B9C-16EB-499B-B535-6E5593AAF16E} = {683B8B19-319D-49D9-A70A-04461373D2A1}
		{BDD46234-8972-4968-880C-BDCD4E44B795} = {683B8B19-319D-49D9-A70A-04461373D2A1}
		{2A159DF5-B435-4A1D-A6F1-43C0E7497451} = {5E1DB1A2-1D57-4F1F-BEE7-67B7666C3097}
		{431FA6F5-0BFC-408D-9DAC-D4A0FE3EF925} = {683B8B19-319D-49D9-A70A-04461373D2A1}
		{8D73B801-6472-42D5-A5DE-1A64E11E88E3} = {5E1DB1A2-1D57-4F1F-BEE7-67B7666C3097}
		{C54724EB-A0E9-4336-B633-53B03C62F608} = {5E1DB1A2-1D57-4F1F-BEE7-67B7666C3097}
		{7B27EABB-661B-4753-87E6-8FBC1AF6D8E3} = {5E1DB1A2-1D57-4F1F-BEE7-67B7666C3097}
	EndGlobalSection
EndGlobal
